
Microsoft Visual Studio Solution File, Format Version 12.00
# Visual Studio 15
VisualStudioVersion = 15.0.26711.1
MinimumVisualStudioVersion = 10.0.40219.1
Project("{9A19103F-16F7-4668-BE54-9A1E7A4F7556}") = "FarmMonitorServer", "FarmMonitorServer.csproj", "{B6B68130-1994-4335-83FD-C1F50CA8D72A}"
EndProject
Project("{E53339B2-1760-4266-BCC7-CA923CBCF16C}") = "docker-compose", "docker-compose.dcproj", "{250835FC-8EDE-440C-8688-A23CB82962A2}"
EndProject
Global
	GlobalSection(SolutionConfigurationPlatforms) = preSolution
		Debug|Any CPU = Debug|Any CPU
		Release|Any CPU = Release|Any CPU
	EndGlobalSection
	GlobalSection(ProjectConfigurationPlatforms) = postSolution
		{B6B68130-1994-4335-83FD-C1F50CA8D72A}.Debug|Any CPU.ActiveCfg = Debug|Any CPU
		{B6B68130-1994-4335-83FD-C1F50CA8D72A}.Debug|Any CPU.Build.0 = Debug|Any CPU
		{B6B68130-1994-4335-83FD-C1F50CA8D72A}.Release|Any CPU.ActiveCfg = Release|Any CPU
		{B6B68130-1994-4335-83FD-C1F50CA8D72A}.Release|Any CPU.Build.0 = Release|Any CPU
		{250835FC-8EDE-440C-8688-A23CB82962A2}.Debug|Any CPU.ActiveCfg = Debug|Any CPU
		{250835FC-8EDE-440C-8688-A23CB82962A2}.Debug|Any CPU.Build.0 = Debug|Any CPU
		{250835FC-8EDE-440C-8688-A23CB82962A2}.Release|Any CPU.ActiveCfg = Release|Any CPU
		{250835FC-8EDE-440C-8688-A23CB82962A2}.Release|Any CPU.Build.0 = Release|Any CPU
	EndGlobalSection
	GlobalSection(SolutionProperties) = preSolution
		HideSolutionNode = FALSE
	EndGlobalSection
	GlobalSection(ExtensibilityGlobals) = postSolution
		SolutionGuid = {5A59BAF6-B2BE-4A0C-B929-896AD279B4D2}
	EndGlobalSection
EndGlobal
